
Microsoft Visual Studio Solution File, Format Version 12.00
# Visual Studio Version 17
VisualStudioVersion = 17.6.33513.286
MinimumVisualStudioVersion = 10.0.40219.1
Project("{FAE04EC0-301F-11D3-BF4B-00C04F79EFBC}") = "UMTSoftwarePb4", "UMTSoftwarePb4\UMTSoftwarePb4.csproj", "{52081BD0-ED83-4720-8FEA-185125A6402F}"
EndProject
Global
	GlobalSection(SolutionConfigurationPlatforms) = preSolution
		Debug|Any CPU = Debug|Any CPU
		Release|Any CPU = Release|Any CPU
	EndGlobalSection
	GlobalSection(ProjectConfigurationPlatforms) = postSolution
		{52081BD0-ED83-4720-8FEA-185125A6402F}.Debug|Any CPU.ActiveCfg = Debug|Any CPU
		{52081BD0-ED83-4720-8FEA-185125A6402F}.Debug|Any CPU.Build.0 = Debug|Any CPU
		{52081BD0-ED83-4720-8FEA-185125A6402F}.Release|Any CPU.ActiveCfg = Release|Any CPU
		{52081BD0-ED83-4720-8FEA-185125A6402F}.Release|Any CPU.Build.0 = Release|Any CPU
	EndGlobalSection
	GlobalSection(SolutionProperties) = preSolution
		HideSolutionNode = FALSE
	EndGlobalSection
	GlobalSection(ExtensibilityGlobals) = postSolution
		SolutionGuid = {63696E4E-27ED-4869-9447-7151E02F91CD}
	EndGlobalSection
EndGlobal
